// !$*UTF8*$!
{
	archiveVersion = 1;
	classes = {
	};
	objectVersion = 56;
	objects = {

/* Begin PBXBuildFile section */
		B42CBF5729DE03EF000F72AD /* abrilCFineTuning2.mlmodel in Sources */ = {isa = PBXBuildFile; fileRef = B42CBF5629DE03EF000F72AD /* abrilCFineTuning2.mlmodel */; };
		B42F66EB29D2119800D39CA6 /* PickMediaView.swift in Sources */ = {isa = PBXBuildFile; fileRef = B42F66EA29D2119800D39CA6 /* PickMediaView.swift */; };
		B42F66ED29D2131000D39CA6 /* HomeModelView.swift in Sources */ = {isa = PBXBuildFile; fileRef = B42F66EC29D2131000D39CA6 /* HomeModelView.swift */; };
		B42F66EF29D213A500D39CA6 /* PhotoPickerRepresentable.swift in Sources */ = {isa = PBXBuildFile; fileRef = B42F66EE29D213A500D39CA6 /* PhotoPickerRepresentable.swift */; };
		B42F66F129D213CA00D39CA6 /* ImagePickerRepresentable.swift in Sources */ = {isa = PBXBuildFile; fileRef = B42F66F029D213C900D39CA6 /* ImagePickerRepresentable.swift */; };
		B42F66F729D214E600D39CA6 /* Color.swift in Sources */ = {isa = PBXBuildFile; fileRef = B42F66F629D214E600D39CA6 /* Color.swift */; };
		B42F66FB29D21E0100D39CA6 /* export_as_mlmodel.ipynb in Resources */ = {isa = PBXBuildFile; fileRef = B42F66F829D21E0100D39CA6 /* export_as_mlmodel.ipynb */; };
		B4429E9F29D20EBA00974612 /* arcSagaciaApp.swift in Sources */ = {isa = PBXBuildFile; fileRef = B4429E9E29D20EBA00974612 /* arcSagaciaApp.swift */; };
		B4429EA129D20EBA00974612 /* Homeview.swift in Sources */ = {isa = PBXBuildFile; fileRef = B4429EA029D20EBA00974612 /* Homeview.swift */; };
		B4429EA329D20EBB00974612 /* Assets.xcassets in Resources */ = {isa = PBXBuildFile; fileRef = B4429EA229D20EBB00974612 /* Assets.xcassets */; };
		B4429EA629D20EBB00974612 /* Preview Assets.xcassets in Resources */ = {isa = PBXBuildFile; fileRef = B4429EA529D20EBB00974612 /* Preview Assets.xcassets */; };
		B4A5B35829DC6F3700468FC1 /* lime-tests.ipynb in Resources */ = {isa = PBXBuildFile; fileRef = B4A5B35729DC6F3700468FC1 /* lime-tests.ipynb */; };
		B4A5B35A29DC6FE800468FC1 /* VGG16_updated_model.ipynb in Resources */ = {isa = PBXBuildFile; fileRef = B4A5B35929DC6FE800468FC1 /* VGG16_updated_model.ipynb */; };
		B4DBD7FB29D21F0C0080AA59 /* ArchitectureClassifierScript.swift in Sources */ = {isa = PBXBuildFile; fileRef = B4DBD7FA29D21F0C0080AA59 /* ArchitectureClassifierScript.swift */; };
/* End PBXBuildFile section */

/* Begin PBXFileReference section */
		B42CBF5629DE03EF000F72AD /* abrilCFineTuning2.mlmodel */ = {isa = PBXFileReference; lastKnownFileType = file.mlmodel; path = abrilCFineTuning2.mlmodel; sourceTree = "<group>"; };
		B42F66EA29D2119800D39CA6 /* PickMediaView.swift */ = {isa = PBXFileReference; fileEncoding = 4; lastKnownFileType = sourcecode.swift; path = PickMediaView.swift; sourceTree = "<group>"; };
		B42F66EC29D2131000D39CA6 /* HomeModelView.swift */ = {isa = PBXFileReference; fileEncoding = 4; lastKnownFileType = sourcecode.swift; path = HomeModelView.swift; sourceTree = "<group>"; };
		B42F66EE29D213A500D39CA6 /* PhotoPickerRepresentable.swift */ = {isa = PBXFileReference; fileEncoding = 4; lastKnownFileType = sourcecode.swift; path = PhotoPickerRepresentable.swift; sourceTree = "<group>"; };
		B42F66F029D213C900D39CA6 /* ImagePickerRepresentable.swift */ = {isa = PBXFileReference; fileEncoding = 4; lastKnownFileType = sourcecode.swift; path = ImagePickerRepresentable.swift; sourceTree = "<group>"; };
		B42F66F629D214E600D39CA6 /* Color.swift */ = {isa = PBXFileReference; fileEncoding = 4; lastKnownFileType = sourcecode.swift; path = Color.swift; sourceTree = "<group>"; };
		B42F66F829D21E0100D39CA6 /* export_as_mlmodel.ipynb */ = {isa = PBXFileReference; fileEncoding = 4; lastKnownFileType = text; path = export_as_mlmodel.ipynb; sourceTree = "<group>"; };
		B4429E9B29D20EBA00974612 /* arcSagacia.app */ = {isa = PBXFileReference; explicitFileType = wrapper.application; includeInIndex = 0; path = arcSagacia.app; sourceTree = BUILT_PRODUCTS_DIR; };
		B4429E9E29D20EBA00974612 /* arcSagaciaApp.swift */ = {isa = PBXFileReference; lastKnownFileType = sourcecode.swift; path = arcSagaciaApp.swift; sourceTree = "<group>"; };
		B4429EA029D20EBA00974612 /* Homeview.swift */ = {isa = PBXFileReference; lastKnownFileType = sourcecode.swift; path = Homeview.swift; sourceTree = "<group>"; };
		B4429EA229D20EBB00974612 /* Assets.xcassets */ = {isa = PBXFileReference; lastKnownFileType = folder.assetcatalog; path = Assets.xcassets; sourceTree = "<group>"; };
		B4429EA529D20EBB00974612 /* Preview Assets.xcassets */ = {isa = PBXFileReference; lastKnownFileType = folder.assetcatalog; path = "Preview Assets.xcassets"; sourceTree = "<group>"; };
		B48A76D729D47108001BC0EA /* Info.plist */ = {isa = PBXFileReference; lastKnownFileType = text.plist; path = Info.plist; sourceTree = "<group>"; };
		B4A5B35729DC6F3700468FC1 /* lime-tests.ipynb */ = {isa = PBXFileReference; fileEncoding = 4; lastKnownFileType = text; path = "lime-tests.ipynb"; sourceTree = "<group>"; };
		B4A5B35929DC6FE800468FC1 /* VGG16_updated_model.ipynb */ = {isa = PBXFileReference; fileEncoding = 4; lastKnownFileType = text; path = VGG16_updated_model.ipynb; sourceTree = "<group>"; };
		B4DBD7FA29D21F0C0080AA59 /* ArchitectureClassifierScript.swift */ = {isa = PBXFileReference; lastKnownFileType = sourcecode.swift; path = ArchitectureClassifierScript.swift; sourceTree = "<group>"; };
/* End PBXFileReference section */

/* Begin PBXFrameworksBuildPhase section */
		B4429E9829D20EBA00974612 /* Frameworks */ = {
			isa = PBXFrameworksBuildPhase;
			buildActionMask = 2147483647;
			files = (
			);
			runOnlyForDeploymentPostprocessing = 0;
		};
/* End PBXFrameworksBuildPhase section */

/* Begin PBXGroup section */
		B42F66E929D2117A00D39CA6 /* PickMedia */ = {
			isa = PBXGroup;
			children = (
				B42F66EA29D2119800D39CA6 /* PickMediaView.swift */,
			);
			path = PickMedia;
			sourceTree = "<group>";
		};
		B42F66F229D213EF00D39CA6 /* Core */ = {
			isa = PBXGroup;
			children = (
				B42F66F329D2140700D39CA6 /* Common */,
				B4429EAC29D20F9D00974612 /* Homeview */,
				B42F66E929D2117A00D39CA6 /* PickMedia */,
			);
			path = Core;
			sourceTree = "<group>";
		};
		B42F66F329D2140700D39CA6 /* Common */ = {
			isa = PBXGroup;
			children = (
				B42F66F029D213C900D39CA6 /* ImagePickerRepresentable.swift */,
				B42F66EE29D213A500D39CA6 /* PhotoPickerRepresentable.swift */,
			);
			path = Common;
			sourceTree = "<group>";
		};
		B42F66F529D2149600D39CA6 /* Extensions */ = {
			isa = PBXGroup;
			children = (
				B42F66F629D214E600D39CA6 /* Color.swift */,
			);
			path = Extensions;
			sourceTree = "<group>";
		};
		B43D419129D3248900DDF0F0 /* View */ = {
			isa = PBXGroup;
			children = (
				B4429EA029D20EBA00974612 /* Homeview.swift */,
			);
			path = View;
			sourceTree = "<group>";
		};
		B43D419229D3248D00DDF0F0 /* ModelView */ = {
			isa = PBXGroup;
			children = (
				B42F66EC29D2131000D39CA6 /* HomeModelView.swift */,
			);
			path = ModelView;
			sourceTree = "<group>";
		};
		B4429E9229D20EBA00974612 = {
			isa = PBXGroup;
			children = (
				B4429E9D29D20EBA00974612 /* arcSagacia */,
				B4429E9C29D20EBA00974612 /* Products */,
			);
			sourceTree = "<group>";
		};
		B4429E9C29D20EBA00974612 /* Products */ = {
			isa = PBXGroup;
			children = (
				B4429E9B29D20EBA00974612 /* arcSagacia.app */,
			);
			name = Products;
			sourceTree = "<group>";
		};
		B4429E9D29D20EBA00974612 /* arcSagacia */ = {
			isa = PBXGroup;
			children = (
				B48A76D729D47108001BC0EA /* Info.plist */,
				B42F66F229D213EF00D39CA6 /* Core */,
				B4429E9E29D20EBA00974612 /* arcSagaciaApp.swift */,
				B4429EAD29D20FAA00974612 /* CoreML */,
				B42F66F529D2149600D39CA6 /* Extensions */,
				B4429EA229D20EBB00974612 /* Assets.xcassets */,
				B4429EA429D20EBB00974612 /* Preview Content */,
			);
			path = arcSagacia;
			sourceTree = "<group>";
		};
		B4429EA429D20EBB00974612 /* Preview Content */ = {
			isa = PBXGroup;
			children = (
				B4429EA529D20EBB00974612 /* Preview Assets.xcassets */,
			);
			path = "Preview Content";
			sourceTree = "<group>";
		};
		B4429EAC29D20F9D00974612 /* Homeview */ = {
			isa = PBXGroup;
			children = (
				B43D419229D3248D00DDF0F0 /* ModelView */,
				B43D419129D3248900DDF0F0 /* View */,
			);
			path = Homeview;
			sourceTree = "<group>";
		};
		B4429EAD29D20FAA00974612 /* CoreML */ = {
			isa = PBXGroup;
			children = (
				B42F66F829D21E0100D39CA6 /* export_as_mlmodel.ipynb */,
				B4A5B35729DC6F3700468FC1 /* lime-tests.ipynb */,
				B4A5B35929DC6FE800468FC1 /* VGG16_updated_model.ipynb */,
				B42CBF5629DE03EF000F72AD /* abrilCFineTuning2.mlmodel */,
				B4DBD7FA29D21F0C0080AA59 /* ArchitectureClassifierScript.swift */,
			);
			path = CoreML;
			sourceTree = "<group>";
		};
/* End PBXGroup section */

/* Begin PBXNativeTarget section */
		B4429E9A29D20EBA00974612 /* arcSagacia */ = {
			isa = PBXNativeTarget;
			buildConfigurationList = B4429EA929D20EBB00974612 /* Build configuration list for PBXNativeTarget "arcSagacia" */;
			buildPhases = (
				B4429E9729D20EBA00974612 /* Sources */,
				B4429E9829D20EBA00974612 /* Frameworks */,
				B4429E9929D20EBA00974612 /* Resources */,
			);
			buildRules = (
			);
			dependencies = (
			);
			name = arcSagacia;
			productName = arcSagacia;
			productReference = B4429E9B29D20EBA00974612 /* arcSagacia.app */;
			productType = "com.apple.product-type.application";
		};
/* End PBXNativeTarget section */

/* Begin PBXProject section */
		B4429E9329D20EBA00974612 /* Project object */ = {
			isa = PBXProject;
			attributes = {
				BuildIndependentTargetsInParallel = 1;
				LastSwiftUpdateCheck = 1410;
				LastUpgradeCheck = 1410;
				TargetAttributes = {
					B4429E9A29D20EBA00974612 = {
						CreatedOnToolsVersion = 14.1;
					};
				};
			};
			buildConfigurationList = B4429E9629D20EBA00974612 /* Build configuration list for PBXProject "arcSagacia" */;
			compatibilityVersion = "Xcode 14.0";
			developmentRegion = en;
			hasScannedForEncodings = 0;
			knownRegions = (
				en,
				Base,
			);
			mainGroup = B4429E9229D20EBA00974612;
			productRefGroup = B4429E9C29D20EBA00974612 /* Products */;
			projectDirPath = "";
			projectRoot = "";
			targets = (
				B4429E9A29D20EBA00974612 /* arcSagacia */,
			);
		};
/* End PBXProject section */

/* Begin PBXResourcesBuildPhase section */
		B4429E9929D20EBA00974612 /* Resources */ = {
			isa = PBXResourcesBuildPhase;
			buildActionMask = 2147483647;
			files = (
				B4A5B35A29DC6FE800468FC1 /* VGG16_updated_model.ipynb in Resources */,
				B4429EA629D20EBB00974612 /* Preview Assets.xcassets in Resources */,
				B4429EA329D20EBB00974612 /* Assets.xcassets in Resources */,
				B4A5B35829DC6F3700468FC1 /* lime-tests.ipynb in Resources */,
				B42F66FB29D21E0100D39CA6 /* export_as_mlmodel.ipynb in Resources */,
			);
			runOnlyForDeploymentPostprocessing = 0;
		};
/* End PBXResourcesBuildPhase section */

/* Begin PBXSourcesBuildPhase section */
		B4429E9729D20EBA00974612 /* Sources */ = {
			isa = PBXSourcesBuildPhase;
			buildActionMask = 2147483647;
			files = (
				B4DBD7FB29D21F0C0080AA59 /* ArchitectureClassifierScript.swift in Sources */,
				B42F66EB29D2119800D39CA6 /* PickMediaView.swift in Sources */,
				B42CBF5729DE03EF000F72AD /* abrilCFineTuning2.mlmodel in Sources */,
				B4429EA129D20EBA00974612 /* Homeview.swift in Sources */,
				B42F66ED29D2131000D39CA6 /* HomeModelView.swift in Sources */,
				B42F66F129D213CA00D39CA6 /* ImagePickerRepresentable.swift in Sources */,
				B42F66EF29D213A500D39CA6 /* PhotoPickerRepresentable.swift in Sources */,
				B42F66F729D214E600D39CA6 /* Color.swift in Sources */,
				B4429E9F29D20EBA00974612 /* arcSagaciaApp.swift in Sources */,
			);
			runOnlyForDeploymentPostprocessing = 0;
		};
/* End PBXSourcesBuildPhase section */

/* Begin XCBuildConfiguration section */
		B4429EA729D20EBB00974612 /* Debug */ = {
			isa = XCBuildConfiguration;
			buildSettings = {
				ALWAYS_SEARCH_USER_PATHS = NO;
				CLANG_ANALYZER_NONNULL = YES;
				CLANG_ANALYZER_NUMBER_OBJECT_CONVERSION = YES_AGGRESSIVE;
				CLANG_CXX_LANGUAGE_STANDARD = "gnu++20";
				CLANG_ENABLE_MODULES = YES;
				CLANG_ENABLE_OBJC_ARC = YES;
				CLANG_ENABLE_OBJC_WEAK = YES;
				CLANG_WARN_BLOCK_CAPTURE_AUTORELEASING = YES;
				CLANG_WARN_BOOL_CONVERSION = YES;
				CLANG_WARN_COMMA = YES;
				CLANG_WARN_CONSTANT_CONVERSION = YES;
				CLANG_WARN_DEPRECATED_OBJC_IMPLEMENTATIONS = YES;
				CLANG_WARN_DIRECT_OBJC_ISA_USAGE = YES_ERROR;
				CLANG_WARN_DOCUMENTATION_COMMENTS = YES;
				CLANG_WARN_EMPTY_BODY = YES;
				CLANG_WARN_ENUM_CONVERSION = YES;
				CLANG_WARN_INFINITE_RECURSION = YES;
				CLANG_WARN_INT_CONVERSION = YES;
				CLANG_WARN_NON_LITERAL_NULL_CONVERSION = YES;
				CLANG_WARN_OBJC_IMPLICIT_RETAIN_SELF = YES;
				CLANG_WARN_OBJC_LITERAL_CONVERSION = YES;
				CLANG_WARN_OBJC_ROOT_CLASS = YES_ERROR;
				CLANG_WARN_QUOTED_INCLUDE_IN_FRAMEWORK_HEADER = YES;
				CLANG_WARN_RANGE_LOOP_ANALYSIS = YES;
				CLANG_WARN_STRICT_PROTOTYPES = YES;
				CLANG_WARN_SUSPICIOUS_MOVE = YES;
				CLANG_WARN_UNGUARDED_AVAILABILITY = YES_AGGRESSIVE;
				CLANG_WARN_UNREACHABLE_CODE = YES;
				CLANG_WARN__DUPLICATE_METHOD_MATCH = YES;
				COPY_PHASE_STRIP = NO;
				DEBUG_INFORMATION_FORMAT = dwarf;
				ENABLE_STRICT_OBJC_MSGSEND = YES;
				ENABLE_TESTABILITY = YES;
				GCC_C_LANGUAGE_STANDARD = gnu11;
				GCC_DYNAMIC_NO_PIC = NO;
				GCC_NO_COMMON_BLOCKS = YES;
				GCC_OPTIMIZATION_LEVEL = 0;
				GCC_PREPROCESSOR_DEFINITIONS = (
					"DEBUG=1",
					"$(inherited)",
				);
				GCC_WARN_64_TO_32_BIT_CONVERSION = YES;
				GCC_WARN_ABOUT_RETURN_TYPE = YES_ERROR;
				GCC_WARN_UNDECLARED_SELECTOR = YES;
				GCC_WARN_UNINITIALIZED_AUTOS = YES_AGGRESSIVE;
				GCC_WARN_UNUSED_FUNCTION = YES;
				GCC_WARN_UNUSED_VARIABLE = YES;
				IPHONEOS_DEPLOYMENT_TARGET = 16.1;
				MTL_ENABLE_DEBUG_INFO = INCLUDE_SOURCE;
				MTL_FAST_MATH = YES;
				ONLY_ACTIVE_ARCH = YES;
				SDKROOT = iphoneos;
				SWIFT_ACTIVE_COMPILATION_CONDITIONS = DEBUG;
				SWIFT_OPTIMIZATION_LEVEL = "-Onone";
			};
			name = Debug;
		};
		B4429EA829D20EBB00974612 /* Release */ = {
			isa = XCBuildConfiguration;
			buildSettings = {
				ALWAYS_SEARCH_USER_PATHS = NO;
				CLANG_ANALYZER_NONNULL = YES;
				CLANG_ANALYZER_NUMBER_OBJECT_CONVERSION = YES_AGGRESSIVE;
				CLANG_CXX_LANGUAGE_STANDARD = "gnu++20";
				CLANG_ENABLE_MODULES = YES;
				CLANG_ENABLE_OBJC_ARC = YES;
				CLANG_ENABLE_OBJC_WEAK = YES;
				CLANG_WARN_BLOCK_CAPTURE_AUTORELEASING = YES;
				CLANG_WARN_BOOL_CONVERSION = YES;
				CLANG_WARN_COMMA = YES;
				CLANG_WARN_CONSTANT_CONVERSION = YES;
				CLANG_WARN_DEPRECATED_OBJC_IMPLEMENTATIONS = YES;
				CLANG_WARN_DIRECT_OBJC_ISA_USAGE = YES_ERROR;
				CLANG_WARN_DOCUMENTATION_COMMENTS = YES;
				CLANG_WARN_EMPTY_BODY = YES;
				CLANG_WARN_ENUM_CONVERSION = YES;
				CLANG_WARN_INFINITE_RECURSION = YES;
				CLANG_WARN_INT_CONVERSION = YES;
				CLANG_WARN_NON_LITERAL_NULL_CONVERSION = YES;
				CLANG_WARN_OBJC_IMPLICIT_RETAIN_SELF = YES;
				CLANG_WARN_OBJC_LITERAL_CONVERSION = YES;
				CLANG_WARN_OBJC_ROOT_CLASS = YES_ERROR;
				CLANG_WARN_QUOTED_INCLUDE_IN_FRAMEWORK_HEADER = YES;
				CLANG_WARN_RANGE_LOOP_ANALYSIS = YES;
				CLANG_WARN_STRICT_PROTOTYPES = YES;
				CLANG_WARN_SUSPICIOUS_MOVE = YES;
				CLANG_WARN_UNGUARDED_AVAILABILITY = YES_AGGRESSIVE;
				CLANG_WARN_UNREACHABLE_CODE = YES;
				CLANG_WARN__DUPLICATE_METHOD_MATCH = YES;
				COPY_PHASE_STRIP = NO;
				DEBUG_INFORMATION_FORMAT = "dwarf-with-dsym";
				ENABLE_NS_ASSERTIONS = NO;
				ENABLE_STRICT_OBJC_MSGSEND = YES;
				GCC_C_LANGUAGE_STANDARD = gnu11;
				GCC_NO_COMMON_BLOCKS = YES;
				GCC_WARN_64_TO_32_BIT_CONVERSION = YES;
				GCC_WARN_ABOUT_RETURN_TYPE = YES_ERROR;
				GCC_WARN_UNDECLARED_SELECTOR = YES;
				GCC_WARN_UNINITIALIZED_AUTOS = YES_AGGRESSIVE;
				GCC_WARN_UNUSED_FUNCTION = YES;
				GCC_WARN_UNUSED_VARIABLE = YES;
				IPHONEOS_DEPLOYMENT_TARGET = 16.1;
				MTL_ENABLE_DEBUG_INFO = NO;
				MTL_FAST_MATH = YES;
				SDKROOT = iphoneos;
				SWIFT_COMPILATION_MODE = wholemodule;
				SWIFT_OPTIMIZATION_LEVEL = "-O";
				VALIDATE_PRODUCT = YES;
			};
			name = Release;
		};
		B4429EAA29D20EBB00974612 /* Debug */ = {
			isa = XCBuildConfiguration;
			buildSettings = {
				ASSETCATALOG_COMPILER_APPICON_NAME = AppIcon;
				ASSETCATALOG_COMPILER_GLOBAL_ACCENT_COLOR_NAME = AccentColor;
				CODE_SIGN_STYLE = Automatic;
				CURRENT_PROJECT_VERSION = 1;
				DEVELOPMENT_ASSET_PATHS = "\"arcSagacia/Preview Content\"";
				DEVELOPMENT_TEAM = 9YRW6AKFZ7;
				ENABLE_PREVIEWS = YES;
				GENERATE_INFOPLIST_FILE = YES;
				INFOPLIST_FILE = arcSagacia/Info.plist;
				INFOPLIST_KEY_LSApplicationCategoryType = "";
				INFOPLIST_KEY_NSCameraUsageDescription = "We need access to your camera to take photos of the buildings.";
				INFOPLIST_KEY_NSPhotoLibraryAddUsageDescription = "We need access to your photo library to take photos of the buildings.";
				INFOPLIST_KEY_UIApplicationSceneManifest_Generation = YES;
				INFOPLIST_KEY_UIApplicationSupportsIndirectInputEvents = YES;
				INFOPLIST_KEY_UISupportedInterfaceOrientations_iPad = "UIInterfaceOrientationPortrait UIInterfaceOrientationPortraitUpsideDown UIInterfaceOrientationLandscapeLeft UIInterfaceOrientationLandscapeRight";
				INFOPLIST_KEY_UISupportedInterfaceOrientations_iPhone = "UIInterfaceOrientationPortrait UIInterfaceOrientationLandscapeLeft UIInterfaceOrientationLandscapeRight";
				LD_RUNPATH_SEARCH_PATHS = (
					"$(inherited)",
					"@executable_path/Frameworks",
				);
				MARKETING_VERSION = 1.0;
				PRODUCT_BUNDLE_IDENTIFIER = co.diasGustaavo.arcSagacia;
				PRODUCT_NAME = "$(TARGET_NAME)";
				SWIFT_EMIT_LOC_STRINGS = YES;
				SWIFT_VERSION = 5.0;
				TARGETED_DEVICE_FAMILY = "1,2";
			};
			name = Debug;
		};
		B4429EAB29D20EBB00974612 /* Release */ = {
			isa = XCBuildConfiguration;
			buildSettings = {
				ASSETCATALOG_COMPILER_APPICON_NAME = AppIcon;
				ASSETCATALOG_COMPILER_GLOBAL_ACCENT_COLOR_NAME = AccentColor;
				CODE_SIGN_STYLE = Automatic;
				CURRENT_PROJECT_VERSION = 1;
				DEVELOPMENT_ASSET_PATHS = "\"arcSagacia/Preview Content\"";
				DEVELOPMENT_TEAM = 9YRW6AKFZ7;
				ENABLE_PREVIEWS = YES;
				GENERATE_INFOPLIST_FILE = YES;
				INFOPLIST_FILE = arcSagacia/Info.plist;
				INFOPLIST_KEY_LSApplicationCategoryType = "";
				INFOPLIST_KEY_NSCameraUsageDescription = "We need access to your camera to take photos of the buildings.";
				INFOPLIST_KEY_NSPhotoLibraryAddUsageDescription = "We need access to your photo library to take photos of the buildings.";
				INFOPLIST_KEY_UIApplicationSceneManifest_Generation = YES;
				INFOPLIST_KEY_UIApplicationSupportsIndirectInputEvents = YES;
				INFOPLIST_KEY_UISupportedInterfaceOrientations_iPad = "UIInterfaceOrientationPortrait UIInterfaceOrientationPortraitUpsideDown UIInterfaceOrientationLandscapeLeft UIInterfaceOrientationLandscapeRight";
				INFOPLIST_KEY_UISupportedInterfaceOrientations_iPhone = "UIInterfaceOrientationPortrait UIInterfaceOrientationLandscapeLeft UIInterfaceOrientationLandscapeRight";
				LD_RUNPATH_SEARCH_PATHS = (
					"$(inherited)",
					"@executable_path/Frameworks",
				);
				MARKETING_VERSION = 1.0;
				PRODUCT_BUNDLE_IDENTIFIER = co.diasGustaavo.arcSagacia;
				PRODUCT_NAME = "$(TARGET_NAME)";
				SWIFT_EMIT_LOC_STRINGS = YES;
				SWIFT_VERSION = 5.0;
				TARGETED_DEVICE_FAMILY = "1,2";
			};
			name = Release;
		};
/* End XCBuildConfiguration section */

/* Begin XCConfigurationList section */
		B4429E9629D20EBA00974612 /* Build configuration list for PBXProject "arcSagacia" */ = {
			isa = XCConfigurationList;
			buildConfigurations = (
				B4429EA729D20EBB00974612 /* Debug */,
				B4429EA829D20EBB00974612 /* Release */,
			);
			defaultConfigurationIsVisible = 0;
			defaultConfigurationName = Release;
		};
		B4429EA929D20EBB00974612 /* Build configuration list for PBXNativeTarget "arcSagacia" */ = {
			isa = XCConfigurationList;
			buildConfigurations = (
				B4429EAA29D20EBB00974612 /* Debug */,
				B4429EAB29D20EBB00974612 /* Release */,
			);
			defaultConfigurationIsVisible = 0;
			defaultConfigurationName = Release;
		};
/* End XCConfigurationList section */
	};
	rootObject = B4429E9329D20EBA00974612 /* Project object */;
}
